<Solution>
  <Project Path="cours1/cours1.csproj" />
  <Project Path="cours10/cours10.csproj" Id="69ca9bc5-721c-4907-935f-77e1187fbceb" />
  <Project Path="cours2/cours2.csproj" />
  <Project Path="cours3/cours3.csproj" />
  <Project Path="cours4/cours4.csproj" />
  <Project Path="cours5/cours5.csproj" />
  <Project Path="cours6/cours6.csproj" Id="91bb14db-e01b-470c-aa18-5dde78313581" />
  <Project Path="cours7/cours7.csproj" Id="8cfd3654-6a29-4271-8735-5620acfb175a" />
</Solution>
